
Microsoft Visual Studio Solution File, Format Version 12.00
# Visual Studio Version 17
VisualStudioVersion = 17.8.34525.116
MinimumVisualStudioVersion = 10.0.40219.1
Project("{9A19103F-16F7-4668-BE54-9A1E7A4F7556}") = "Gamma2024.Server", "Gamma2024.Server\Gamma2024.Server.csproj", "{1C617F1A-CF4C-463B-AE48-06226AA86D29}"
EndProject
Project("{54A90642-561A-4BB1-A94E-469ADEE60C69}") = "gamma2024.client", "gamma2024.client\gamma2024.client.esproj", "{3DF29F73-D137-4DB2-8110-4AAD3B0BCD18}"
EndProject
Project("{FAE04EC0-301F-11D3-BF4B-00C04F79EFBC}") = "TableSortingTest", "..\..\source\repos\TableSortingTest\TableSortingTest.csproj", "{3E7B577B-D5B0-4035-A10C-4F069495BEA4}"
EndProject
Global
	GlobalSection(SolutionConfigurationPlatforms) = preSolution
		Debug|Any CPU = Debug|Any CPU
		Release|Any CPU = Release|Any CPU
	EndGlobalSection
	GlobalSection(ProjectConfigurationPlatforms) = postSolution
		{1C617F1A-CF4C-463B-AE48-06226AA86D29}.Debug|Any CPU.ActiveCfg = Debug|Any CPU
		{1C617F1A-CF4C-463B-AE48-06226AA86D29}.Debug|Any CPU.Build.0 = Debug|Any CPU
		{1C617F1A-CF4C-463B-AE48-06226AA86D29}.Release|Any CPU.ActiveCfg = Release|Any CPU
		{1C617F1A-CF4C-463B-AE48-06226AA86D29}.Release|Any CPU.Build.0 = Release|Any CPU
		{3DF29F73-D137-4DB2-8110-4AAD3B0BCD18}.Debug|Any CPU.ActiveCfg = Debug|Any CPU
		{3DF29F73-D137-4DB2-8110-4AAD3B0BCD18}.Debug|Any CPU.Build.0 = Debug|Any CPU
		{3DF29F73-D137-4DB2-8110-4AAD3B0BCD18}.Debug|Any CPU.Deploy.0 = Debug|Any CPU
		{3DF29F73-D137-4DB2-8110-4AAD3B0BCD18}.Release|Any CPU.ActiveCfg = Release|Any CPU
		{3DF29F73-D137-4DB2-8110-4AAD3B0BCD18}.Release|Any CPU.Build.0 = Release|Any CPU
		{3DF29F73-D137-4DB2-8110-4AAD3B0BCD18}.Release|Any CPU.Deploy.0 = Release|Any CPU
		{3E7B577B-D5B0-4035-A10C-4F069495BEA4}.Debug|Any CPU.ActiveCfg = Debug|Any CPU
		{3E7B577B-D5B0-4035-A10C-4F069495BEA4}.Debug|Any CPU.Build.0 = Debug|Any CPU
		{3E7B577B-D5B0-4035-A10C-4F069495BEA4}.Release|Any CPU.ActiveCfg = Release|Any CPU
		{3E7B577B-D5B0-4035-A10C-4F069495BEA4}.Release|Any CPU.Build.0 = Release|Any CPU
	EndGlobalSection
	GlobalSection(SolutionProperties) = preSolution
		HideSolutionNode = FALSE
	EndGlobalSection
	GlobalSection(ExtensibilityGlobals) = postSolution
		SolutionGuid = {1CE32BDC-830F-423B-8D41-98F1462CD96A}
	EndGlobalSection
EndGlobal
